
Microsoft Visual Studio Solution File, Format Version 12.00
# Visual Studio Version 17
VisualStudioVersion = 17.5.33530.505
MinimumVisualStudioVersion = 10.0.40219.1
Project("{FAE04EC0-301F-11D3-BF4B-00C04F79EFBC}") = "ProjePersonelMVC", "ProjePersonelMVC\ProjePersonelMVC.csproj", "{0441EB3C-A05A-434B-A909-62BAE153D56B}"
EndProject
Project("{FAE04EC0-301F-11D3-BF4B-00C04F79EFBC}") = "ProjePersonelBusiness", "ProjePersonelBusiness\ProjePersonelBusiness.csproj", "{C75DDCF1-31D0-4EE6-9D38-142FA74D52C8}"
EndProject
Project("{FAE04EC0-301F-11D3-BF4B-00C04F79EFBC}") = "ProjePersonelModel", "ProjePersonelModel\ProjePersonelModel.csproj", "{9DEC23E2-CB32-4B49-8869-3C776D8BB2E9}"
EndProject
Project("{FAE04EC0-301F-11D3-BF4B-00C04F79EFBC}") = "ProjePersonelDataAccess", "ProjePersonelDataAccess\ProjePersonelDataAccess.csproj", "{85223EA8-7349-4CDB-8946-2AA68A10B8BB}"
EndProject
Project("{FAE04EC0-301F-11D3-BF4B-00C04F79EFBC}") = "ProjePersonelCore", "ProjePersonelCore\ProjePersonelCore.csproj", "{2C3722C4-10AE-4A18-A1FF-66792B327D8F}"
EndProject
Global
	GlobalSection(SolutionConfigurationPlatforms) = preSolution
		Debug|Any CPU = Debug|Any CPU
		Release|Any CPU = Release|Any CPU
	EndGlobalSection
	GlobalSection(ProjectConfigurationPlatforms) = postSolution
		{0441EB3C-A05A-434B-A909-62BAE153D56B}.Debug|Any CPU.ActiveCfg = Debug|Any CPU
		{0441EB3C-A05A-434B-A909-62BAE153D56B}.Debug|Any CPU.Build.0 = Debug|Any CPU
		{0441EB3C-A05A-434B-A909-62BAE153D56B}.Release|Any CPU.ActiveCfg = Release|Any CPU
		{0441EB3C-A05A-434B-A909-62BAE153D56B}.Release|Any CPU.Build.0 = Release|Any CPU
		{C75DDCF1-31D0-4EE6-9D38-142FA74D52C8}.Debug|Any CPU.ActiveCfg = Debug|Any CPU
		{C75DDCF1-31D0-4EE6-9D38-142FA74D52C8}.Debug|Any CPU.Build.0 = Debug|Any CPU
		{C75DDCF1-31D0-4EE6-9D38-142FA74D52C8}.Release|Any CPU.ActiveCfg = Release|Any CPU
		{C75DDCF1-31D0-4EE6-9D38-142FA74D52C8}.Release|Any CPU.Build.0 = Release|Any CPU
		{9DEC23E2-CB32-4B49-8869-3C776D8BB2E9}.Debug|Any CPU.ActiveCfg = Debug|Any CPU
		{9DEC23E2-CB32-4B49-8869-3C776D8BB2E9}.Debug|Any CPU.Build.0 = Debug|Any CPU
		{9DEC23E2-CB32-4B49-8869-3C776D8BB2E9}.Release|Any CPU.ActiveCfg = Release|Any CPU
		{9DEC23E2-CB32-4B49-8869-3C776D8BB2E9}.Release|Any CPU.Build.0 = Release|Any CPU
		{85223EA8-7349-4CDB-8946-2AA68A10B8BB}.Debug|Any CPU.ActiveCfg = Debug|Any CPU
		{85223EA8-7349-4CDB-8946-2AA68A10B8BB}.Debug|Any CPU.Build.0 = Debug|Any CPU
		{85223EA8-7349-4CDB-8946-2AA68A10B8BB}.Release|Any CPU.ActiveCfg = Release|Any CPU
		{85223EA8-7349-4CDB-8946-2AA68A10B8BB}.Release|Any CPU.Build.0 = Release|Any CPU
		{2C3722C4-10AE-4A18-A1FF-66792B327D8F}.Debug|Any CPU.ActiveCfg = Debug|Any CPU
		{2C3722C4-10AE-4A18-A1FF-66792B327D8F}.Debug|Any CPU.Build.0 = Debug|Any CPU
		{2C3722C4-10AE-4A18-A1FF-66792B327D8F}.Release|Any CPU.ActiveCfg = Release|Any CPU
		{2C3722C4-10AE-4A18-A1FF-66792B327D8F}.Release|Any CPU.Build.0 = Release|Any CPU
	EndGlobalSection
	GlobalSection(SolutionProperties) = preSolution
		HideSolutionNode = FALSE
	EndGlobalSection
	GlobalSection(ExtensibilityGlobals) = postSolution
		SolutionGuid = {06394FE9-BABC-47AF-80B7-CE521C0F1F23}
	EndGlobalSection
EndGlobal
